
Microsoft Visual Studio Solution File, Format Version 12.00
# Visual Studio 15
VisualStudioVersion = 15.0.28307.168
MinimumVisualStudioVersion = 10.0.40219.1
Project("{8BC9CEB8-8B4A-11D0-8D11-00A0C91BC942}") = "Project1", "Project1\Project1.vcxproj", "{672B6D72-C1A7-491D-8C50-7B72A1962B91}"
EndProject
Global
	GlobalSection(SolutionConfigurationPlatforms) = preSolution
		Debug|x64 = Debug|x64
		Debug|x86 = Debug|x86
		Release|x64 = Release|x64
		Release|x86 = Release|x86
	EndGlobalSection
	GlobalSection(ProjectConfigurationPlatforms) = postSolution
		{672B6D72-C1A7-491D-8C50-7B72A1962B91}.Debug|x64.ActiveCfg = Debug|x64
		{672B6D72-C1A7-491D-8C50-7B72A1962B91}.Debug|x64.Build.0 = Debug|x64
		{672B6D72-C1A7-491D-8C50-7B72A1962B91}.Debug|x86.ActiveCfg = Debug|Win32
		{672B6D72-C1A7-491D-8C50-7B72A1962B91}.Debug|x86.Build.0 = Debug|Win32
		{672B6D72-C1A7-491D-8C50-7B72A1962B91}.Release|x64.ActiveCfg = Release|x64
		{672B6D72-C1A7-491D-8C50-7B72A1962B91}.Release|x64.Build.0 = Release|x64
		{672B6D72-C1A7-491D-8C50-7B72A1962B91}.Release|x86.ActiveCfg = Release|Win32
		{672B6D72-C1A7-491D-8C50-7B72A1962B91}.Release|x86.Build.0 = Release|Win32
	EndGlobalSection
	GlobalSection(SolutionProperties) = preSolution
		HideSolutionNode = FALSE
	EndGlobalSection
	GlobalSection(ExtensibilityGlobals) = postSolution
		SolutionGuid = {DB4C6D39-FB2D-4B12-9132-125E3A417B6B}
	EndGlobalSection
EndGlobal
